# This file is autogenerated, do not edit; changes may be undone by the next 'dep ensure'.


[[projects]]
  name = "github.com/dgrijalva/jwt-go"
  packages = ["."]
  revision = "06ea1031745cb8b3dab3f6a236daf2b0aa468b7e"
  version = "v3.2.0"

[[projects]]
  name = "github.com/go-stack/stack"
  packages = ["."]
  revision = "2fee6af1a9795aafbe0253a0cfbdf668e1fb8a9a"
  version = "v1.8.0"

[[projects]]
  name = "github.com/golang/snappy"
  packages = ["."]
  revision = "2a8bb927dd31d8daada140a5d09578521ce5c36a"
  version = "v0.0.1"

[[projects]]
  name = "github.com/gorilla/handlers"
  packages = ["."]
  revision = "8a3748addc242fc560bd6d4ff28b0374c010b1b4"
  version = "v1.4.2"

[[projects]]
  name = "github.com/gorilla/mux"
  packages = ["."]
  revision = "ed099d42384823742bba0bf9a72b53b55c9e2e38"
  version = "v1.7.2"

[[projects]]
  name = "github.com/mongodb/mongo-go-driver"
  packages = ["bson","bson/bsoncodec","bson/bsonrw","bson/bsontype","bson/primitive","event","internal","mongo","mongo/options","mongo/readconcern","mongo/readpref","mongo/writeconcern","tag","version","x/bsonx","x/bsonx/bsoncore","x/mongo/driver","x/mongo/driver/auth","x/mongo/driver/auth/internal/gssapi","x/mongo/driver/session","x/mongo/driver/topology","x/mongo/driver/uuid","x/network/address","x/network/command","x/network/compressor","x/network/connection","x/network/connstring","x/network/description","x/network/result","x/network/wiremessage"]
  revision = "e1f3d104525e687eda76125707c9852e429f2730"
  version = "v0.3.0"

[[projects]]
  branch = "master"
  name = "github.com/xdg/scram"
  packages = ["."]
  revision = "7eeb5667e42c09cb51bf7b7c28aea8c56767da90"

[[projects]]
  branch = "master"
  name = "github.com/xdg/stringprep"
  packages = ["."]
  revision = "73f8eece6fdcd902c185bf651de50f3828bed5ed"

[[projects]]
  branch = "master"
  name = "golang.org/x/crypto"
  packages = ["bcrypt","blowfish","pbkdf2"]
  revision = "cc06ce4a13d484c0101a9e92913248488a75786d"

[[projects]]
  branch = "master"
  name = "golang.org/x/sync"
  packages = ["semaphore"]
  revision = "112230192c580c3556b8cee6403af37a4fc5f28c"

[[projects]]
  name = "golang.org/x/text"
  packages = ["internal/gen","internal/triegen","internal/ucd","transform","unicode/cldr","unicode/norm"]
  revision = "c4d099d611ac3ded35360abf03581e13d91c828f"
  version = "v0.2.0"

[solve-meta]
  analyzer-name = "dep"
  analyzer-version = 1
  inputs-digest = "f1452c14b0388f3a84aa8ce638930773cd22cf68125af167ab3a486b30276b3b"
  solver-name = "gps-cdcl"
  solver-version = 1
